// !$*UTF8*$!
{
	archiveVersion = 1;
	classes = {
	};
	objectVersion = 56;
	objects = {

/* Begin PBXBuildFile section */
		BF26A11C2B62681C00BBE77C /* AppDelegate.swift in Sources */ = {isa = PBXBuildFile; fileRef = BF26A11B2B62681C00BBE77C /* AppDelegate.swift */; };
		BF26A1252B62681D00BBE77C /* Assets.xcassets in Resources */ = {isa = PBXBuildFile; fileRef = BF26A1242B62681D00BBE77C /* Assets.xcassets */; };
		BF26A1282B62681D00BBE77C /* LaunchScreen.storyboard in Resources */ = {isa = PBXBuildFile; fileRef = BF26A1262B62681D00BBE77C /* LaunchScreen.storyboard */; };
		BF26A1332B62681D00BBE77C /* TrendingMoviesTests.swift in Sources */ = {isa = PBXBuildFile; fileRef = BF26A1322B62681D00BBE77C /* TrendingMoviesTests.swift */; };
		BF26A13D2B62681D00BBE77C /* TrendingMoviesUITests.swift in Sources */ = {isa = PBXBuildFile; fileRef = BF26A13C2B62681D00BBE77C /* TrendingMoviesUITests.swift */; };
		BF26A13F2B62681D00BBE77C /* TrendingMoviesUITestsLaunchTests.swift in Sources */ = {isa = PBXBuildFile; fileRef = BF26A13E2B62681D00BBE77C /* TrendingMoviesUITestsLaunchTests.swift */; };
		BF26A15B2B626A1100BBE77C /* HomeViewController.swift in Sources */ = {isa = PBXBuildFile; fileRef = BF26A1592B626A1100BBE77C /* HomeViewController.swift */; };
		BF26A15C2B626A1100BBE77C /* HomeViewController.xib in Resources */ = {isa = PBXBuildFile; fileRef = BF26A15A2B626A1100BBE77C /* HomeViewController.xib */; };
		BF26A15E2B626BD400BBE77C /* HomeTableViewExtension.swift in Sources */ = {isa = PBXBuildFile; fileRef = BF26A15D2B626BD400BBE77C /* HomeTableViewExtension.swift */; };
		BF26A1602B626CB600BBE77C /* HomeViewModel.swift in Sources */ = {isa = PBXBuildFile; fileRef = BF26A15F2B626CB600BBE77C /* HomeViewModel.swift */; };
/* End PBXBuildFile section */

/* Begin PBXContainerItemProxy section */
		BF26A12F2B62681D00BBE77C /* PBXContainerItemProxy */ = {
			isa = PBXContainerItemProxy;
			containerPortal = BF26A1102B62681C00BBE77C /* Project object */;
			proxyType = 1;
			remoteGlobalIDString = BF26A1172B62681C00BBE77C;
			remoteInfo = TrendingMovies;
		};
		BF26A1392B62681D00BBE77C /* PBXContainerItemProxy */ = {
			isa = PBXContainerItemProxy;
			containerPortal = BF26A1102B62681C00BBE77C /* Project object */;
			proxyType = 1;
			remoteGlobalIDString = BF26A1172B62681C00BBE77C;
			remoteInfo = TrendingMovies;
		};
/* End PBXContainerItemProxy section */

/* Begin PBXFileReference section */
		BF26A1182B62681C00BBE77C /* TrendingMovies.app */ = {isa = PBXFileReference; explicitFileType = wrapper.application; includeInIndex = 0; path = TrendingMovies.app; sourceTree = BUILT_PRODUCTS_DIR; };
		BF26A11B2B62681C00BBE77C /* AppDelegate.swift */ = {isa = PBXFileReference; lastKnownFileType = sourcecode.swift; path = AppDelegate.swift; sourceTree = "<group>"; };
		BF26A1242B62681D00BBE77C /* Assets.xcassets */ = {isa = PBXFileReference; lastKnownFileType = folder.assetcatalog; path = Assets.xcassets; sourceTree = "<group>"; };
		BF26A1272B62681D00BBE77C /* Base */ = {isa = PBXFileReference; lastKnownFileType = file.storyboard; name = Base; path = Base.lproj/LaunchScreen.storyboard; sourceTree = "<group>"; };
		BF26A1292B62681D00BBE77C /* Info.plist */ = {isa = PBXFileReference; lastKnownFileType = text.plist.xml; path = Info.plist; sourceTree = "<group>"; };
		BF26A12E2B62681D00BBE77C /* TrendingMoviesTests.xctest */ = {isa = PBXFileReference; explicitFileType = wrapper.cfbundle; includeInIndex = 0; path = TrendingMoviesTests.xctest; sourceTree = BUILT_PRODUCTS_DIR; };
		BF26A1322B62681D00BBE77C /* TrendingMoviesTests.swift */ = {isa = PBXFileReference; lastKnownFileType = sourcecode.swift; path = TrendingMoviesTests.swift; sourceTree = "<group>"; };
		BF26A1382B62681D00BBE77C /* TrendingMoviesUITests.xctest */ = {isa = PBXFileReference; explicitFileType = wrapper.cfbundle; includeInIndex = 0; path = TrendingMoviesUITests.xctest; sourceTree = BUILT_PRODUCTS_DIR; };
		BF26A13C2B62681D00BBE77C /* TrendingMoviesUITests.swift */ = {isa = PBXFileReference; lastKnownFileType = sourcecode.swift; path = TrendingMoviesUITests.swift; sourceTree = "<group>"; };
		BF26A13E2B62681D00BBE77C /* TrendingMoviesUITestsLaunchTests.swift */ = {isa = PBXFileReference; lastKnownFileType = sourcecode.swift; path = TrendingMoviesUITestsLaunchTests.swift; sourceTree = "<group>"; };
		BF26A1592B626A1100BBE77C /* HomeViewController.swift */ = {isa = PBXFileReference; lastKnownFileType = sourcecode.swift; path = HomeViewController.swift; sourceTree = "<group>"; };
		BF26A15A2B626A1100BBE77C /* HomeViewController.xib */ = {isa = PBXFileReference; lastKnownFileType = file.xib; path = HomeViewController.xib; sourceTree = "<group>"; };
		BF26A15D2B626BD400BBE77C /* HomeTableViewExtension.swift */ = {isa = PBXFileReference; lastKnownFileType = sourcecode.swift; path = HomeTableViewExtension.swift; sourceTree = "<group>"; };
		BF26A15F2B626CB600BBE77C /* HomeViewModel.swift */ = {isa = PBXFileReference; lastKnownFileType = sourcecode.swift; path = HomeViewModel.swift; sourceTree = "<group>"; };
/* End PBXFileReference section */

/* Begin PBXFrameworksBuildPhase section */
		BF26A1152B62681C00BBE77C /* Frameworks */ = {
			isa = PBXFrameworksBuildPhase;
			buildActionMask = 2147483647;
			files = (
			);
			runOnlyForDeploymentPostprocessing = 0;
		};
		BF26A12B2B62681D00BBE77C /* Frameworks */ = {
			isa = PBXFrameworksBuildPhase;
			buildActionMask = 2147483647;
			files = (
			);
			runOnlyForDeploymentPostprocessing = 0;
		};
		BF26A1352B62681D00BBE77C /* Frameworks */ = {
			isa = PBXFrameworksBuildPhase;
			buildActionMask = 2147483647;
			files = (
			);
			runOnlyForDeploymentPostprocessing = 0;
		};
/* End PBXFrameworksBuildPhase section */

/* Begin PBXGroup section */
		BF26A10F2B62681C00BBE77C = {
			isa = PBXGroup;
			children = (
				BF26A11A2B62681C00BBE77C /* TrendingMovies */,
				BF26A1312B62681D00BBE77C /* TrendingMoviesTests */,
				BF26A13B2B62681D00BBE77C /* TrendingMoviesUITests */,
				BF26A1192B62681C00BBE77C /* Products */,
			);
			sourceTree = "<group>";
		};
		BF26A1192B62681C00BBE77C /* Products */ = {
			isa = PBXGroup;
			children = (
				BF26A1182B62681C00BBE77C /* TrendingMovies.app */,
				BF26A12E2B62681D00BBE77C /* TrendingMoviesTests.xctest */,
				BF26A1382B62681D00BBE77C /* TrendingMoviesUITests.xctest */,
			);
			name = Products;
			sourceTree = "<group>";
		};
		BF26A11A2B62681C00BBE77C /* TrendingMovies */ = {
			isa = PBXGroup;
			children = (
				BF26A1552B62688A00BBE77C /* App */,
				BF26A1542B62688600BBE77C /* Class */,
				BF26A1532B62688300BBE77C /* Constants */,
				BF26A1522B62688000BBE77C /* ErrorModel */,
				BF26A14B2B62686400BBE77C /* Model */,
				BF26A1512B62687C00BBE77C /* Networking */,
				BF26A1502B62687800BBE77C /* Resources */,
				BF26A14F2B62687500BBE77C /* Screens */,
				BF26A14E2B62687200BBE77C /* Views */,
				BF26A1292B62681D00BBE77C /* Info.plist */,
			);
			path = TrendingMovies;
			sourceTree = "<group>";
		};
		BF26A1312B62681D00BBE77C /* TrendingMoviesTests */ = {
			isa = PBXGroup;
			children = (
				BF26A1322B62681D00BBE77C /* TrendingMoviesTests.swift */,
			);
			path = TrendingMoviesTests;
			sourceTree = "<group>";
		};
		BF26A13B2B62681D00BBE77C /* TrendingMoviesUITests */ = {
			isa = PBXGroup;
			children = (
				BF26A13C2B62681D00BBE77C /* TrendingMoviesUITests.swift */,
				BF26A13E2B62681D00BBE77C /* TrendingMoviesUITestsLaunchTests.swift */,
			);
			path = TrendingMoviesUITests;
			sourceTree = "<group>";
		};
		BF26A14B2B62686400BBE77C /* Model */ = {
			isa = PBXGroup;
			children = (
			);
			path = Model;
			sourceTree = "<group>";
		};
		BF26A14C2B62686900BBE77C /* Home */ = {
			isa = PBXGroup;
			children = (
				BF26A1582B62695700BBE77C /* Controllers */,
				BF26A14D2B62686E00BBE77C /* Model */,
				BF26A1572B62694E00BBE77C /* View */,
				BF26A1562B62693B00BBE77C /* ViewModel */,
			);
			path = Home;
			sourceTree = "<group>";
		};
		BF26A14D2B62686E00BBE77C /* Model */ = {
			isa = PBXGroup;
			children = (
			);
			path = Model;
			sourceTree = "<group>";
		};
		BF26A14E2B62687200BBE77C /* Views */ = {
			isa = PBXGroup;
			children = (
				BF26A1262B62681D00BBE77C /* LaunchScreen.storyboard */,
			);
			path = Views;
			sourceTree = "<group>";
		};
		BF26A14F2B62687500BBE77C /* Screens */ = {
			isa = PBXGroup;
			children = (
				BF26A14C2B62686900BBE77C /* Home */,
			);
			path = Screens;
			sourceTree = "<group>";
		};
		BF26A1502B62687800BBE77C /* Resources */ = {
			isa = PBXGroup;
			children = (
				BF26A1242B62681D00BBE77C /* Assets.xcassets */,
			);
			path = Resources;
			sourceTree = "<group>";
		};
		BF26A1512B62687C00BBE77C /* Networking */ = {
			isa = PBXGroup;
			children = (
			);
			path = Networking;
			sourceTree = "<group>";
		};
		BF26A1522B62688000BBE77C /* ErrorModel */ = {
			isa = PBXGroup;
			children = (
			);
			path = ErrorModel;
			sourceTree = "<group>";
		};
		BF26A1532B62688300BBE77C /* Constants */ = {
			isa = PBXGroup;
			children = (
			);
			path = Constants;
			sourceTree = "<group>";
		};
		BF26A1542B62688600BBE77C /* Class */ = {
			isa = PBXGroup;
			children = (
			);
			path = Class;
			sourceTree = "<group>";
		};
		BF26A1552B62688A00BBE77C /* App */ = {
			isa = PBXGroup;
			children = (
				BF26A11B2B62681C00BBE77C /* AppDelegate.swift */,
			);
			path = App;
			sourceTree = "<group>";
		};
		BF26A1562B62693B00BBE77C /* ViewModel */ = {
			isa = PBXGroup;
			children = (
				BF26A15F2B626CB600BBE77C /* HomeViewModel.swift */,
			);
			path = ViewModel;
			sourceTree = "<group>";
		};
		BF26A1572B62694E00BBE77C /* View */ = {
			isa = PBXGroup;
			children = (
			);
			path = View;
			sourceTree = "<group>";
		};
		BF26A1582B62695700BBE77C /* Controllers */ = {
			isa = PBXGroup;
			children = (
				BF26A1592B626A1100BBE77C /* HomeViewController.swift */,
				BF26A15A2B626A1100BBE77C /* HomeViewController.xib */,
				BF26A15D2B626BD400BBE77C /* HomeTableViewExtension.swift */,
			);
			path = Controllers;
			sourceTree = "<group>";
		};
/* End PBXGroup section */

/* Begin PBXNativeTarget section */
		BF26A1172B62681C00BBE77C /* TrendingMovies */ = {
			isa = PBXNativeTarget;
			buildConfigurationList = BF26A1422B62681D00BBE77C /* Build configuration list for PBXNativeTarget "TrendingMovies" */;
			buildPhases = (
				BF26A1142B62681C00BBE77C /* Sources */,
				BF26A1152B62681C00BBE77C /* Frameworks */,
				BF26A1162B62681C00BBE77C /* Resources */,
			);
			buildRules = (
			);
			dependencies = (
			);
			name = TrendingMovies;
			productName = TrendingMovies;
			productReference = BF26A1182B62681C00BBE77C /* TrendingMovies.app */;
			productType = "com.apple.product-type.application";
		};
		BF26A12D2B62681D00BBE77C /* TrendingMoviesTests */ = {
			isa = PBXNativeTarget;
			buildConfigurationList = BF26A1452B62681D00BBE77C /* Build configuration list for PBXNativeTarget "TrendingMoviesTests" */;
			buildPhases = (
				BF26A12A2B62681D00BBE77C /* Sources */,
				BF26A12B2B62681D00BBE77C /* Frameworks */,
				BF26A12C2B62681D00BBE77C /* Resources */,
			);
			buildRules = (
			);
			dependencies = (
				BF26A1302B62681D00BBE77C /* PBXTargetDependency */,
			);
			name = TrendingMoviesTests;
			productName = TrendingMoviesTests;
			productReference = BF26A12E2B62681D00BBE77C /* TrendingMoviesTests.xctest */;
			productType = "com.apple.product-type.bundle.unit-test";
		};
		BF26A1372B62681D00BBE77C /* TrendingMoviesUITests */ = {
			isa = PBXNativeTarget;
			buildConfigurationList = BF26A1482B62681D00BBE77C /* Build configuration list for PBXNativeTarget "TrendingMoviesUITests" */;
			buildPhases = (
				BF26A1342B62681D00BBE77C /* Sources */,
				BF26A1352B62681D00BBE77C /* Frameworks */,
				BF26A1362B62681D00BBE77C /* Resources */,
			);
			buildRules = (
			);
			dependencies = (
				BF26A13A2B62681D00BBE77C /* PBXTargetDependency */,
			);
			name = TrendingMoviesUITests;
			productName = TrendingMoviesUITests;
			productReference = BF26A1382B62681D00BBE77C /* TrendingMoviesUITests.xctest */;
			productType = "com.apple.product-type.bundle.ui-testing";
		};
/* End PBXNativeTarget section */

/* Begin PBXProject section */
		BF26A1102B62681C00BBE77C /* Project object */ = {
			isa = PBXProject;
			attributes = {
				BuildIndependentTargetsInParallel = 1;
				LastSwiftUpdateCheck = 1520;
				LastUpgradeCheck = 1520;
				TargetAttributes = {
					BF26A1172B62681C00BBE77C = {
						CreatedOnToolsVersion = 15.2;
					};
					BF26A12D2B62681D00BBE77C = {
						CreatedOnToolsVersion = 15.2;
						TestTargetID = BF26A1172B62681C00BBE77C;
					};
					BF26A1372B62681D00BBE77C = {
						CreatedOnToolsVersion = 15.2;
						TestTargetID = BF26A1172B62681C00BBE77C;
					};
				};
			};
			buildConfigurationList = BF26A1132B62681C00BBE77C /* Build configuration list for PBXProject "TrendingMovies" */;
			compatibilityVersion = "Xcode 14.0";
			developmentRegion = en;
			hasScannedForEncodings = 0;
			knownRegions = (
				en,
				Base,
			);
			mainGroup = BF26A10F2B62681C00BBE77C;
			productRefGroup = BF26A1192B62681C00BBE77C /* Products */;
			projectDirPath = "";
			projectRoot = "";
			targets = (
				BF26A1172B62681C00BBE77C /* TrendingMovies */,
				BF26A12D2B62681D00BBE77C /* TrendingMoviesTests */,
				BF26A1372B62681D00BBE77C /* TrendingMoviesUITests */,
			);
		};
/* End PBXProject section */

/* Begin PBXResourcesBuildPhase section */
		BF26A1162B62681C00BBE77C /* Resources */ = {
			isa = PBXResourcesBuildPhase;
			buildActionMask = 2147483647;
			files = (
				BF26A1282B62681D00BBE77C /* LaunchScreen.storyboard in Resources */,
				BF26A1252B62681D00BBE77C /* Assets.xcassets in Resources */,
				BF26A15C2B626A1100BBE77C /* HomeViewController.xib in Resources */,
			);
			runOnlyForDeploymentPostprocessing = 0;
		};
		BF26A12C2B62681D00BBE77C /* Resources */ = {
			isa = PBXResourcesBuildPhase;
			buildActionMask = 2147483647;
			files = (
			);
			runOnlyForDeploymentPostprocessing = 0;
		};
		BF26A1362B62681D00BBE77C /* Resources */ = {
			isa = PBXResourcesBuildPhase;
			buildActionMask = 2147483647;
			files = (
			);
			runOnlyForDeploymentPostprocessing = 0;
		};
/* End PBXResourcesBuildPhase section */

/* Begin PBXSourcesBuildPhase section */
		BF26A1142B62681C00BBE77C /* Sources */ = {
			isa = PBXSourcesBuildPhase;
			buildActionMask = 2147483647;
			files = (
				BF26A11C2B62681C00BBE77C /* AppDelegate.swift in Sources */,
				BF26A15B2B626A1100BBE77C /* HomeViewController.swift in Sources */,
				BF26A15E2B626BD400BBE77C /* HomeTableViewExtension.swift in Sources */,
				BF26A1602B626CB600BBE77C /* HomeViewModel.swift in Sources */,
			);
			runOnlyForDeploymentPostprocessing = 0;
		};
		BF26A12A2B62681D00BBE77C /* Sources */ = {
			isa = PBXSourcesBuildPhase;
			buildActionMask = 2147483647;
			files = (
				BF26A1332B62681D00BBE77C /* TrendingMoviesTests.swift in Sources */,
			);
			runOnlyForDeploymentPostprocessing = 0;
		};
		BF26A1342B62681D00BBE77C /* Sources */ = {
			isa = PBXSourcesBuildPhase;
			buildActionMask = 2147483647;
			files = (
				BF26A13F2B62681D00BBE77C /* TrendingMoviesUITestsLaunchTests.swift in Sources */,
				BF26A13D2B62681D00BBE77C /* TrendingMoviesUITests.swift in Sources */,
			);
			runOnlyForDeploymentPostprocessing = 0;
		};
/* End PBXSourcesBuildPhase section */

/* Begin PBXTargetDependency section */
		BF26A1302B62681D00BBE77C /* PBXTargetDependency */ = {
			isa = PBXTargetDependency;
			target = BF26A1172B62681C00BBE77C /* TrendingMovies */;
			targetProxy = BF26A12F2B62681D00BBE77C /* PBXContainerItemProxy */;
		};
		BF26A13A2B62681D00BBE77C /* PBXTargetDependency */ = {
			isa = PBXTargetDependency;
			target = BF26A1172B62681C00BBE77C /* TrendingMovies */;
			targetProxy = BF26A1392B62681D00BBE77C /* PBXContainerItemProxy */;
		};
/* End PBXTargetDependency section */

/* Begin PBXVariantGroup section */
		BF26A1262B62681D00BBE77C /* LaunchScreen.storyboard */ = {
			isa = PBXVariantGroup;
			children = (
				BF26A1272B62681D00BBE77C /* Base */,
			);
			name = LaunchScreen.storyboard;
			sourceTree = "<group>";
		};
/* End PBXVariantGroup section */

/* Begin XCBuildConfiguration section */
		BF26A1402B62681D00BBE77C /* Debug */ = {
			isa = XCBuildConfiguration;
			buildSettings = {
				ALWAYS_SEARCH_USER_PATHS = NO;
				ASSETCATALOG_COMPILER_GENERATE_SWIFT_ASSET_SYMBOL_EXTENSIONS = YES;
				CLANG_ANALYZER_NONNULL = YES;
				CLANG_ANALYZER_NUMBER_OBJECT_CONVERSION = YES_AGGRESSIVE;
				CLANG_CXX_LANGUAGE_STANDARD = "gnu++20";
				CLANG_ENABLE_MODULES = YES;
				CLANG_ENABLE_OBJC_ARC = YES;
				CLANG_ENABLE_OBJC_WEAK = YES;
				CLANG_WARN_BLOCK_CAPTURE_AUTORELEASING = YES;
				CLANG_WARN_BOOL_CONVERSION = YES;
				CLANG_WARN_COMMA = YES;
				CLANG_WARN_CONSTANT_CONVERSION = YES;
				CLANG_WARN_DEPRECATED_OBJC_IMPLEMENTATIONS = YES;
				CLANG_WARN_DIRECT_OBJC_ISA_USAGE = YES_ERROR;
				CLANG_WARN_DOCUMENTATION_COMMENTS = YES;
				CLANG_WARN_EMPTY_BODY = YES;
				CLANG_WARN_ENUM_CONVERSION = YES;
				CLANG_WARN_INFINITE_RECURSION = YES;
				CLANG_WARN_INT_CONVERSION = YES;
				CLANG_WARN_NON_LITERAL_NULL_CONVERSION = YES;
				CLANG_WARN_OBJC_IMPLICIT_RETAIN_SELF = YES;
				CLANG_WARN_OBJC_LITERAL_CONVERSION = YES;
				CLANG_WARN_OBJC_ROOT_CLASS = YES_ERROR;
				CLANG_WARN_QUOTED_INCLUDE_IN_FRAMEWORK_HEADER = YES;
				CLANG_WARN_RANGE_LOOP_ANALYSIS = YES;
				CLANG_WARN_STRICT_PROTOTYPES = YES;
				CLANG_WARN_SUSPICIOUS_MOVE = YES;
				CLANG_WARN_UNGUARDED_AVAILABILITY = YES_AGGRESSIVE;
				CLANG_WARN_UNREACHABLE_CODE = YES;
				CLANG_WARN__DUPLICATE_METHOD_MATCH = YES;
				COPY_PHASE_STRIP = NO;
				DEBUG_INFORMATION_FORMAT = dwarf;
				ENABLE_STRICT_OBJC_MSGSEND = YES;
				ENABLE_TESTABILITY = YES;
				ENABLE_USER_SCRIPT_SANDBOXING = YES;
				GCC_C_LANGUAGE_STANDARD = gnu17;
				GCC_DYNAMIC_NO_PIC = NO;
				GCC_NO_COMMON_BLOCKS = YES;
				GCC_OPTIMIZATION_LEVEL = 0;
				GCC_PREPROCESSOR_DEFINITIONS = (
					"DEBUG=1",
					"$(inherited)",
				);
				GCC_WARN_64_TO_32_BIT_CONVERSION = YES;
				GCC_WARN_ABOUT_RETURN_TYPE = YES_ERROR;
				GCC_WARN_UNDECLARED_SELECTOR = YES;
				GCC_WARN_UNINITIALIZED_AUTOS = YES_AGGRESSIVE;
				GCC_WARN_UNUSED_FUNCTION = YES;
				GCC_WARN_UNUSED_VARIABLE = YES;
				IPHONEOS_DEPLOYMENT_TARGET = 17.2;
				LOCALIZATION_PREFERS_STRING_CATALOGS = YES;
				MTL_ENABLE_DEBUG_INFO = INCLUDE_SOURCE;
				MTL_FAST_MATH = YES;
				ONLY_ACTIVE_ARCH = YES;
				SDKROOT = iphoneos;
				SWIFT_ACTIVE_COMPILATION_CONDITIONS = "DEBUG $(inherited)";
				SWIFT_OPTIMIZATION_LEVEL = "-Onone";
			};
			name = Debug;
		};
		BF26A1412B62681D00BBE77C /* Release */ = {
			isa = XCBuildConfiguration;
			buildSettings = {
				ALWAYS_SEARCH_USER_PATHS = NO;
				ASSETCATALOG_COMPILER_GENERATE_SWIFT_ASSET_SYMBOL_EXTENSIONS = YES;
				CLANG_ANALYZER_NONNULL = YES;
				CLANG_ANALYZER_NUMBER_OBJECT_CONVERSION = YES_AGGRESSIVE;
				CLANG_CXX_LANGUAGE_STANDARD = "gnu++20";
				CLANG_ENABLE_MODULES = YES;
				CLANG_ENABLE_OBJC_ARC = YES;
				CLANG_ENABLE_OBJC_WEAK = YES;
				CLANG_WARN_BLOCK_CAPTURE_AUTORELEASING = YES;
				CLANG_WARN_BOOL_CONVERSION = YES;
				CLANG_WARN_COMMA = YES;
				CLANG_WARN_CONSTANT_CONVERSION = YES;
				CLANG_WARN_DEPRECATED_OBJC_IMPLEMENTATIONS = YES;
				CLANG_WARN_DIRECT_OBJC_ISA_USAGE = YES_ERROR;
				CLANG_WARN_DOCUMENTATION_COMMENTS = YES;
				CLANG_WARN_EMPTY_BODY = YES;
				CLANG_WARN_ENUM_CONVERSION = YES;
				CLANG_WARN_INFINITE_RECURSION = YES;
				CLANG_WARN_INT_CONVERSION = YES;
				CLANG_WARN_NON_LITERAL_NULL_CONVERSION = YES;
				CLANG_WARN_OBJC_IMPLICIT_RETAIN_SELF = YES;
				CLANG_WARN_OBJC_LITERAL_CONVERSION = YES;
				CLANG_WARN_OBJC_ROOT_CLASS = YES_ERROR;
				CLANG_WARN_QUOTED_INCLUDE_IN_FRAMEWORK_HEADER = YES;
				CLANG_WARN_RANGE_LOOP_ANALYSIS = YES;
				CLANG_WARN_STRICT_PROTOTYPES = YES;
				CLANG_WARN_SUSPICIOUS_MOVE = YES;
				CLANG_WARN_UNGUARDED_AVAILABILITY = YES_AGGRESSIVE;
				CLANG_WARN_UNREACHABLE_CODE = YES;
				CLANG_WARN__DUPLICATE_METHOD_MATCH = YES;
				COPY_PHASE_STRIP = NO;
				DEBUG_INFORMATION_FORMAT = "dwarf-with-dsym";
				ENABLE_NS_ASSERTIONS = NO;
				ENABLE_STRICT_OBJC_MSGSEND = YES;
				ENABLE_USER_SCRIPT_SANDBOXING = YES;
				GCC_C_LANGUAGE_STANDARD = gnu17;
				GCC_NO_COMMON_BLOCKS = YES;
				GCC_WARN_64_TO_32_BIT_CONVERSION = YES;
				GCC_WARN_ABOUT_RETURN_TYPE = YES_ERROR;
				GCC_WARN_UNDECLARED_SELECTOR = YES;
				GCC_WARN_UNINITIALIZED_AUTOS = YES_AGGRESSIVE;
				GCC_WARN_UNUSED_FUNCTION = YES;
				GCC_WARN_UNUSED_VARIABLE = YES;
				IPHONEOS_DEPLOYMENT_TARGET = 17.2;
				LOCALIZATION_PREFERS_STRING_CATALOGS = YES;
				MTL_ENABLE_DEBUG_INFO = NO;
				MTL_FAST_MATH = YES;
				SDKROOT = iphoneos;
				SWIFT_COMPILATION_MODE = wholemodule;
				VALIDATE_PRODUCT = YES;
			};
			name = Release;
		};
		BF26A1432B62681D00BBE77C /* Debug */ = {
			isa = XCBuildConfiguration;
			buildSettings = {
				ASSETCATALOG_COMPILER_APPICON_NAME = AppIcon;
				ASSETCATALOG_COMPILER_GLOBAL_ACCENT_COLOR_NAME = AccentColor;
				CODE_SIGN_STYLE = Automatic;
				CURRENT_PROJECT_VERSION = 1;
				GENERATE_INFOPLIST_FILE = YES;
				INFOPLIST_FILE = TrendingMovies/Info.plist;
				INFOPLIST_KEY_UIApplicationSupportsIndirectInputEvents = YES;
				INFOPLIST_KEY_UILaunchStoryboardName = LaunchScreen;
				INFOPLIST_KEY_UISupportedInterfaceOrientations = UIInterfaceOrientationPortrait;
				IPHONEOS_DEPLOYMENT_TARGET = 16.0;
				LD_RUNPATH_SEARCH_PATHS = (
					"$(inherited)",
					"@executable_path/Frameworks",
				);
				MARKETING_VERSION = 1.0;
				PRODUCT_BUNDLE_IDENTIFIER = com.misl.TrendingMovies;
				PRODUCT_NAME = "$(TARGET_NAME)";
				SWIFT_EMIT_LOC_STRINGS = YES;
				SWIFT_VERSION = 5.0;
				TARGETED_DEVICE_FAMILY = "1,2";
			};
			name = Debug;
		};
		BF26A1442B62681D00BBE77C /* Release */ = {
			isa = XCBuildConfiguration;
			buildSettings = {
				ASSETCATALOG_COMPILER_APPICON_NAME = AppIcon;
				ASSETCATALOG_COMPILER_GLOBAL_ACCENT_COLOR_NAME = AccentColor;
				CODE_SIGN_STYLE = Automatic;
				CURRENT_PROJECT_VERSION = 1;
				GENERATE_INFOPLIST_FILE = YES;
				INFOPLIST_FILE = TrendingMovies/Info.plist;
				INFOPLIST_KEY_UIApplicationSupportsIndirectInputEvents = YES;
				INFOPLIST_KEY_UILaunchStoryboardName = LaunchScreen;
				INFOPLIST_KEY_UISupportedInterfaceOrientations = UIInterfaceOrientationPortrait;
				IPHONEOS_DEPLOYMENT_TARGET = 16.0;
				LD_RUNPATH_SEARCH_PATHS = (
					"$(inherited)",
					"@executable_path/Frameworks",
				);
				MARKETING_VERSION = 1.0;
				PRODUCT_BUNDLE_IDENTIFIER = com.misl.TrendingMovies;
				PRODUCT_NAME = "$(TARGET_NAME)";
				SWIFT_EMIT_LOC_STRINGS = YES;
				SWIFT_VERSION = 5.0;
				TARGETED_DEVICE_FAMILY = "1,2";
			};
			name = Release;
		};
		BF26A1462B62681D00BBE77C /* Debug */ = {
			isa = XCBuildConfiguration;
			buildSettings = {
				ALWAYS_EMBED_SWIFT_STANDARD_LIBRARIES = YES;
				BUNDLE_LOADER = "$(TEST_HOST)";
				CODE_SIGN_STYLE = Automatic;
				CURRENT_PROJECT_VERSION = 1;
				GENERATE_INFOPLIST_FILE = YES;
				IPHONEOS_DEPLOYMENT_TARGET = 17.2;
				MARKETING_VERSION = 1.0;
				PRODUCT_BUNDLE_IDENTIFIER = com.misl.TrendingMoviesTests;
				PRODUCT_NAME = "$(TARGET_NAME)";
				SWIFT_EMIT_LOC_STRINGS = NO;
				SWIFT_VERSION = 5.0;
				TARGETED_DEVICE_FAMILY = "1,2";
				TEST_HOST = "$(BUILT_PRODUCTS_DIR)/TrendingMovies.app/$(BUNDLE_EXECUTABLE_FOLDER_PATH)/TrendingMovies";
			};
			name = Debug;
		};
		BF26A1472B62681D00BBE77C /* Release */ = {
			isa = XCBuildConfiguration;
			buildSettings = {
				ALWAYS_EMBED_SWIFT_STANDARD_LIBRARIES = YES;
				BUNDLE_LOADER = "$(TEST_HOST)";
				CODE_SIGN_STYLE = Automatic;
				CURRENT_PROJECT_VERSION = 1;
				GENERATE_INFOPLIST_FILE = YES;
				IPHONEOS_DEPLOYMENT_TARGET = 17.2;
				MARKETING_VERSION = 1.0;
				PRODUCT_BUNDLE_IDENTIFIER = com.misl.TrendingMoviesTests;
				PRODUCT_NAME = "$(TARGET_NAME)";
				SWIFT_EMIT_LOC_STRINGS = NO;
				SWIFT_VERSION = 5.0;
				TARGETED_DEVICE_FAMILY = "1,2";
				TEST_HOST = "$(BUILT_PRODUCTS_DIR)/TrendingMovies.app/$(BUNDLE_EXECUTABLE_FOLDER_PATH)/TrendingMovies";
			};
			name = Release;
		};
		BF26A1492B62681D00BBE77C /* Debug */ = {
			isa = XCBuildConfiguration;
			buildSettings = {
				ALWAYS_EMBED_SWIFT_STANDARD_LIBRARIES = YES;
				CODE_SIGN_STYLE = Automatic;
				CURRENT_PROJECT_VERSION = 1;
				GENERATE_INFOPLIST_FILE = YES;
				MARKETING_VERSION = 1.0;
				PRODUCT_BUNDLE_IDENTIFIER = com.misl.TrendingMoviesUITests;
				PRODUCT_NAME = "$(TARGET_NAME)";
				SWIFT_EMIT_LOC_STRINGS = NO;
				SWIFT_VERSION = 5.0;
				TARGETED_DEVICE_FAMILY = "1,2";
				TEST_TARGET_NAME = TrendingMovies;
			};
			name = Debug;
		};
		BF26A14A2B62681D00BBE77C /* Release */ = {
			isa = XCBuildConfiguration;
			buildSettings = {
				ALWAYS_EMBED_SWIFT_STANDARD_LIBRARIES = YES;
				CODE_SIGN_STYLE = Automatic;
				CURRENT_PROJECT_VERSION = 1;
				GENERATE_INFOPLIST_FILE = YES;
				MARKETING_VERSION = 1.0;
				PRODUCT_BUNDLE_IDENTIFIER = com.misl.TrendingMoviesUITests;
				PRODUCT_NAME = "$(TARGET_NAME)";
				SWIFT_EMIT_LOC_STRINGS = NO;
				SWIFT_VERSION = 5.0;
				TARGETED_DEVICE_FAMILY = "1,2";
				TEST_TARGET_NAME = TrendingMovies;
			};
			name = Release;
		};
/* End XCBuildConfiguration section */

/* Begin XCConfigurationList section */
		BF26A1132B62681C00BBE77C /* Build configuration list for PBXProject "TrendingMovies" */ = {
			isa = XCConfigurationList;
			buildConfigurations = (
				BF26A1402B62681D00BBE77C /* Debug */,
				BF26A1412B62681D00BBE77C /* Release */,
			);
			defaultConfigurationIsVisible = 0;
			defaultConfigurationName = Release;
		};
		BF26A1422B62681D00BBE77C /* Build configuration list for PBXNativeTarget "TrendingMovies" */ = {
			isa = XCConfigurationList;
			buildConfigurations = (
				BF26A1432B62681D00BBE77C /* Debug */,
				BF26A1442B62681D00BBE77C /* Release */,
			);
			defaultConfigurationIsVisible = 0;
			defaultConfigurationName = Release;
		};
		BF26A1452B62681D00BBE77C /* Build configuration list for PBXNativeTarget "TrendingMoviesTests" */ = {
			isa = XCConfigurationList;
			buildConfigurations = (
				BF26A1462B62681D00BBE77C /* Debug */,
				BF26A1472B62681D00BBE77C /* Release */,
			);
			defaultConfigurationIsVisible = 0;
			defaultConfigurationName = Release;
		};
		BF26A1482B62681D00BBE77C /* Build configuration list for PBXNativeTarget "TrendingMoviesUITests" */ = {
			isa = XCConfigurationList;
			buildConfigurations = (
				BF26A1492B62681D00BBE77C /* Debug */,
				BF26A14A2B62681D00BBE77C /* Release */,
			);
			defaultConfigurationIsVisible = 0;
			defaultConfigurationName = Release;
		};
/* End XCConfigurationList section */
	};
	rootObject = BF26A1102B62681C00BBE77C /* Project object */;
}
