// !$*UTF8*$!
{
	archiveVersion = 1;
	classes = {
	};
	objectVersion = 56;
	objects = {

/* Begin PBXBuildFile section */
		98D6B0CAF23531C2FCE3C8B3 /* Pods_WeatherAppTests.framework in Frameworks */ = {isa = PBXBuildFile; fileRef = D0C8DDF75EBC57631F956CF1 /* Pods_WeatherAppTests.framework */; };
		9C462C444B3034EC4B6E8046 /* Pods_WeatherApp_WeatherAppUITests.framework in Frameworks */ = {isa = PBXBuildFile; fileRef = BB010C4F8ED8CA9512D7C173 /* Pods_WeatherApp_WeatherAppUITests.framework */; };
		BFCEF3F02B66555D00BFFB21 /* HomeCountryModel.swift in Sources */ = {isa = PBXBuildFile; fileRef = BFCEF3EF2B66555D00BFFB21 /* HomeCountryModel.swift */; };
		BFCEF3F32B665DE000BFFB21 /* HTTPEndPointsType.swift in Sources */ = {isa = PBXBuildFile; fileRef = BFCEF3F22B665DE000BFFB21 /* HTTPEndPointsType.swift */; };
		BFCEF3F72B665F2000BFFB21 /* EndPoints.swift in Sources */ = {isa = PBXBuildFile; fileRef = BFCEF3F62B665F2000BFFB21 /* EndPoints.swift */; };
		BFDFDD2F2B6564BB00BA2619 /* AppDelegate.swift in Sources */ = {isa = PBXBuildFile; fileRef = BFDFDD2E2B6564BB00BA2619 /* AppDelegate.swift */; };
		BFDFDD382B6564BC00BA2619 /* Assets.xcassets in Resources */ = {isa = PBXBuildFile; fileRef = BFDFDD372B6564BC00BA2619 /* Assets.xcassets */; };
		BFDFDD3B2B6564BC00BA2619 /* LaunchScreen.storyboard in Resources */ = {isa = PBXBuildFile; fileRef = BFDFDD392B6564BC00BA2619 /* LaunchScreen.storyboard */; };
		BFDFDD462B6564BC00BA2619 /* WeatherAppTests.swift in Sources */ = {isa = PBXBuildFile; fileRef = BFDFDD452B6564BC00BA2619 /* WeatherAppTests.swift */; };
		BFDFDD502B6564BD00BA2619 /* WeatherAppUITests.swift in Sources */ = {isa = PBXBuildFile; fileRef = BFDFDD4F2B6564BD00BA2619 /* WeatherAppUITests.swift */; };
		BFDFDD522B6564BD00BA2619 /* WeatherAppUITestsLaunchTests.swift in Sources */ = {isa = PBXBuildFile; fileRef = BFDFDD512B6564BD00BA2619 /* WeatherAppUITestsLaunchTests.swift */; };
		BFDFDD6F2B65672400BA2619 /* HomeViewController.swift in Sources */ = {isa = PBXBuildFile; fileRef = BFDFDD6D2B65672400BA2619 /* HomeViewController.swift */; };
		BFDFDD702B65672400BA2619 /* HomeViewController.xib in Resources */ = {isa = PBXBuildFile; fileRef = BFDFDD6E2B65672400BA2619 /* HomeViewController.xib */; };
		BFDFDD722B660E9E00BA2619 /* Country.swift in Sources */ = {isa = PBXBuildFile; fileRef = BFDFDD712B660E9E00BA2619 /* Country.swift */; };
		BFDFDD742B66115900BA2619 /* HomeViewModel.swift in Sources */ = {isa = PBXBuildFile; fileRef = BFDFDD732B66115900BA2619 /* HomeViewModel.swift */; };
		BFDFDD762B6611FE00BA2619 /* HomeTableViewExtension.swift in Sources */ = {isa = PBXBuildFile; fileRef = BFDFDD752B6611FE00BA2619 /* HomeTableViewExtension.swift */; };
		BFDFDD782B66133D00BA2619 /* APIConstants.swift in Sources */ = {isa = PBXBuildFile; fileRef = BFDFDD772B66133D00BA2619 /* APIConstants.swift */; };
		BFDFDD7A2B66137700BA2619 /* ErrorModel.swift in Sources */ = {isa = PBXBuildFile; fileRef = BFDFDD792B66137700BA2619 /* ErrorModel.swift */; };
		BFDFDD7C2B6613DD00BA2619 /* APIManager.swift in Sources */ = {isa = PBXBuildFile; fileRef = BFDFDD7B2B6613DD00BA2619 /* APIManager.swift */; };
		BFDFDD7E2B661D7300BA2619 /* Observer.swift in Sources */ = {isa = PBXBuildFile; fileRef = BFDFDD7D2B661D7300BA2619 /* Observer.swift */; };
		BFDFDD832B6620A700BA2619 /* HomeTableViewCell.swift in Sources */ = {isa = PBXBuildFile; fileRef = BFDFDD812B6620A700BA2619 /* HomeTableViewCell.swift */; };
		BFDFDD842B6620A700BA2619 /* HomeTableViewCell.xib in Resources */ = {isa = PBXBuildFile; fileRef = BFDFDD822B6620A700BA2619 /* HomeTableViewCell.xib */; };
		BFDFDD862B662A0B00BA2619 /* UIViewExtension.swift in Sources */ = {isa = PBXBuildFile; fileRef = BFDFDD852B662A0B00BA2619 /* UIViewExtension.swift */; };
		BFDFDD882B66323500BA2619 /* UIImageViewExtension.swift in Sources */ = {isa = PBXBuildFile; fileRef = BFDFDD872B66323500BA2619 /* UIImageViewExtension.swift */; };
		D66FD824274A3570D5BD1362 /* Pods_WeatherApp.framework in Frameworks */ = {isa = PBXBuildFile; fileRef = D86C65C0FCD2947AD8FE3B8C /* Pods_WeatherApp.framework */; };
/* End PBXBuildFile section */

/* Begin PBXContainerItemProxy section */
		BFDFDD422B6564BC00BA2619 /* PBXContainerItemProxy */ = {
			isa = PBXContainerItemProxy;
			containerPortal = BFDFDD232B6564BB00BA2619 /* Project object */;
			proxyType = 1;
			remoteGlobalIDString = BFDFDD2A2B6564BB00BA2619;
			remoteInfo = WeatherApp;
		};
		BFDFDD4C2B6564BD00BA2619 /* PBXContainerItemProxy */ = {
			isa = PBXContainerItemProxy;
			containerPortal = BFDFDD232B6564BB00BA2619 /* Project object */;
			proxyType = 1;
			remoteGlobalIDString = BFDFDD2A2B6564BB00BA2619;
			remoteInfo = WeatherApp;
		};
/* End PBXContainerItemProxy section */

/* Begin PBXFileReference section */
		2209E55D82725913A8C8212A /* Pods-WeatherApp.release.xcconfig */ = {isa = PBXFileReference; includeInIndex = 1; lastKnownFileType = text.xcconfig; name = "Pods-WeatherApp.release.xcconfig"; path = "Target Support Files/Pods-WeatherApp/Pods-WeatherApp.release.xcconfig"; sourceTree = "<group>"; };
		25CEFCB588CE8EC0D0648B99 /* Pods-WeatherAppTests.debug.xcconfig */ = {isa = PBXFileReference; includeInIndex = 1; lastKnownFileType = text.xcconfig; name = "Pods-WeatherAppTests.debug.xcconfig"; path = "Target Support Files/Pods-WeatherAppTests/Pods-WeatherAppTests.debug.xcconfig"; sourceTree = "<group>"; };
		38B044BA4899FE25DF417638 /* Pods-WeatherApp-WeatherAppUITests.release.xcconfig */ = {isa = PBXFileReference; includeInIndex = 1; lastKnownFileType = text.xcconfig; name = "Pods-WeatherApp-WeatherAppUITests.release.xcconfig"; path = "Target Support Files/Pods-WeatherApp-WeatherAppUITests/Pods-WeatherApp-WeatherAppUITests.release.xcconfig"; sourceTree = "<group>"; };
		40F5CBAD28CB75D9329AB8E8 /* Pods-WeatherApp-WeatherAppUITests.debug.xcconfig */ = {isa = PBXFileReference; includeInIndex = 1; lastKnownFileType = text.xcconfig; name = "Pods-WeatherApp-WeatherAppUITests.debug.xcconfig"; path = "Target Support Files/Pods-WeatherApp-WeatherAppUITests/Pods-WeatherApp-WeatherAppUITests.debug.xcconfig"; sourceTree = "<group>"; };
		7304E16BD15DF50F97B35DDB /* Pods-WeatherAppTests.release.xcconfig */ = {isa = PBXFileReference; includeInIndex = 1; lastKnownFileType = text.xcconfig; name = "Pods-WeatherAppTests.release.xcconfig"; path = "Target Support Files/Pods-WeatherAppTests/Pods-WeatherAppTests.release.xcconfig"; sourceTree = "<group>"; };
		BB010C4F8ED8CA9512D7C173 /* Pods_WeatherApp_WeatherAppUITests.framework */ = {isa = PBXFileReference; explicitFileType = wrapper.framework; includeInIndex = 0; path = Pods_WeatherApp_WeatherAppUITests.framework; sourceTree = BUILT_PRODUCTS_DIR; };
		BFCEF3EF2B66555D00BFFB21 /* HomeCountryModel.swift */ = {isa = PBXFileReference; lastKnownFileType = sourcecode.swift; path = HomeCountryModel.swift; sourceTree = "<group>"; };
		BFCEF3F22B665DE000BFFB21 /* HTTPEndPointsType.swift */ = {isa = PBXFileReference; lastKnownFileType = sourcecode.swift; path = HTTPEndPointsType.swift; sourceTree = "<group>"; };
		BFCEF3F62B665F2000BFFB21 /* EndPoints.swift */ = {isa = PBXFileReference; lastKnownFileType = sourcecode.swift; path = EndPoints.swift; sourceTree = "<group>"; };
		BFDFDD2B2B6564BB00BA2619 /* WeatherApp.app */ = {isa = PBXFileReference; explicitFileType = wrapper.application; includeInIndex = 0; path = WeatherApp.app; sourceTree = BUILT_PRODUCTS_DIR; };
		BFDFDD2E2B6564BB00BA2619 /* AppDelegate.swift */ = {isa = PBXFileReference; lastKnownFileType = sourcecode.swift; path = AppDelegate.swift; sourceTree = "<group>"; };
		BFDFDD372B6564BC00BA2619 /* Assets.xcassets */ = {isa = PBXFileReference; lastKnownFileType = folder.assetcatalog; path = Assets.xcassets; sourceTree = "<group>"; };
		BFDFDD3A2B6564BC00BA2619 /* Base */ = {isa = PBXFileReference; lastKnownFileType = file.storyboard; name = Base; path = Base.lproj/LaunchScreen.storyboard; sourceTree = "<group>"; };
		BFDFDD3C2B6564BC00BA2619 /* Info.plist */ = {isa = PBXFileReference; lastKnownFileType = text.plist.xml; path = Info.plist; sourceTree = "<group>"; };
		BFDFDD412B6564BC00BA2619 /* WeatherAppTests.xctest */ = {isa = PBXFileReference; explicitFileType = wrapper.cfbundle; includeInIndex = 0; path = WeatherAppTests.xctest; sourceTree = BUILT_PRODUCTS_DIR; };
		BFDFDD452B6564BC00BA2619 /* WeatherAppTests.swift */ = {isa = PBXFileReference; lastKnownFileType = sourcecode.swift; path = WeatherAppTests.swift; sourceTree = "<group>"; };
		BFDFDD4B2B6564BD00BA2619 /* WeatherAppUITests.xctest */ = {isa = PBXFileReference; explicitFileType = wrapper.cfbundle; includeInIndex = 0; path = WeatherAppUITests.xctest; sourceTree = BUILT_PRODUCTS_DIR; };
		BFDFDD4F2B6564BD00BA2619 /* WeatherAppUITests.swift */ = {isa = PBXFileReference; lastKnownFileType = sourcecode.swift; path = WeatherAppUITests.swift; sourceTree = "<group>"; };
		BFDFDD512B6564BD00BA2619 /* WeatherAppUITestsLaunchTests.swift */ = {isa = PBXFileReference; lastKnownFileType = sourcecode.swift; path = WeatherAppUITestsLaunchTests.swift; sourceTree = "<group>"; };
		BFDFDD6D2B65672400BA2619 /* HomeViewController.swift */ = {isa = PBXFileReference; lastKnownFileType = sourcecode.swift; path = HomeViewController.swift; sourceTree = "<group>"; };
		BFDFDD6E2B65672400BA2619 /* HomeViewController.xib */ = {isa = PBXFileReference; lastKnownFileType = file.xib; path = HomeViewController.xib; sourceTree = "<group>"; };
		BFDFDD712B660E9E00BA2619 /* Country.swift */ = {isa = PBXFileReference; lastKnownFileType = sourcecode.swift; path = Country.swift; sourceTree = "<group>"; };
		BFDFDD732B66115900BA2619 /* HomeViewModel.swift */ = {isa = PBXFileReference; lastKnownFileType = sourcecode.swift; path = HomeViewModel.swift; sourceTree = "<group>"; };
		BFDFDD752B6611FE00BA2619 /* HomeTableViewExtension.swift */ = {isa = PBXFileReference; lastKnownFileType = sourcecode.swift; path = HomeTableViewExtension.swift; sourceTree = "<group>"; };
		BFDFDD772B66133D00BA2619 /* APIConstants.swift */ = {isa = PBXFileReference; lastKnownFileType = sourcecode.swift; path = APIConstants.swift; sourceTree = "<group>"; };
		BFDFDD792B66137700BA2619 /* ErrorModel.swift */ = {isa = PBXFileReference; lastKnownFileType = sourcecode.swift; path = ErrorModel.swift; sourceTree = "<group>"; };
		BFDFDD7B2B6613DD00BA2619 /* APIManager.swift */ = {isa = PBXFileReference; lastKnownFileType = sourcecode.swift; path = APIManager.swift; sourceTree = "<group>"; };
		BFDFDD7D2B661D7300BA2619 /* Observer.swift */ = {isa = PBXFileReference; lastKnownFileType = sourcecode.swift; path = Observer.swift; sourceTree = "<group>"; };
		BFDFDD812B6620A700BA2619 /* HomeTableViewCell.swift */ = {isa = PBXFileReference; lastKnownFileType = sourcecode.swift; path = HomeTableViewCell.swift; sourceTree = "<group>"; };
		BFDFDD822B6620A700BA2619 /* HomeTableViewCell.xib */ = {isa = PBXFileReference; lastKnownFileType = file.xib; path = HomeTableViewCell.xib; sourceTree = "<group>"; };
		BFDFDD852B662A0B00BA2619 /* UIViewExtension.swift */ = {isa = PBXFileReference; lastKnownFileType = sourcecode.swift; path = UIViewExtension.swift; sourceTree = "<group>"; };
		BFDFDD872B66323500BA2619 /* UIImageViewExtension.swift */ = {isa = PBXFileReference; lastKnownFileType = sourcecode.swift; path = UIImageViewExtension.swift; sourceTree = "<group>"; };
		C925FD1F21272015C421CCB6 /* Pods-WeatherApp.debug.xcconfig */ = {isa = PBXFileReference; includeInIndex = 1; lastKnownFileType = text.xcconfig; name = "Pods-WeatherApp.debug.xcconfig"; path = "Target Support Files/Pods-WeatherApp/Pods-WeatherApp.debug.xcconfig"; sourceTree = "<group>"; };
		D0C8DDF75EBC57631F956CF1 /* Pods_WeatherAppTests.framework */ = {isa = PBXFileReference; explicitFileType = wrapper.framework; includeInIndex = 0; path = Pods_WeatherAppTests.framework; sourceTree = BUILT_PRODUCTS_DIR; };
		D86C65C0FCD2947AD8FE3B8C /* Pods_WeatherApp.framework */ = {isa = PBXFileReference; explicitFileType = wrapper.framework; includeInIndex = 0; path = Pods_WeatherApp.framework; sourceTree = BUILT_PRODUCTS_DIR; };
/* End PBXFileReference section */

/* Begin PBXFrameworksBuildPhase section */
		BFDFDD282B6564BB00BA2619 /* Frameworks */ = {
			isa = PBXFrameworksBuildPhase;
			buildActionMask = 2147483647;
			files = (
				D66FD824274A3570D5BD1362 /* Pods_WeatherApp.framework in Frameworks */,
			);
			runOnlyForDeploymentPostprocessing = 0;
		};
		BFDFDD3E2B6564BC00BA2619 /* Frameworks */ = {
			isa = PBXFrameworksBuildPhase;
			buildActionMask = 2147483647;
			files = (
				98D6B0CAF23531C2FCE3C8B3 /* Pods_WeatherAppTests.framework in Frameworks */,
			);
			runOnlyForDeploymentPostprocessing = 0;
		};
		BFDFDD482B6564BD00BA2619 /* Frameworks */ = {
			isa = PBXFrameworksBuildPhase;
			buildActionMask = 2147483647;
			files = (
				9C462C444B3034EC4B6E8046 /* Pods_WeatherApp_WeatherAppUITests.framework in Frameworks */,
			);
			runOnlyForDeploymentPostprocessing = 0;
		};
/* End PBXFrameworksBuildPhase section */

/* Begin PBXGroup section */
		BFCEF3F12B665D9D00BFFB21 /* HTTPS */ = {
			isa = PBXGroup;
			children = (
				BFCEF3F22B665DE000BFFB21 /* HTTPEndPointsType.swift */,
				BFCEF3F62B665F2000BFFB21 /* EndPoints.swift */,
			);
			path = HTTPS;
			sourceTree = "<group>";
		};
		BFDFDD222B6564BB00BA2619 = {
			isa = PBXGroup;
			children = (
				BFDFDD2D2B6564BB00BA2619 /* WeatherApp */,
				BFDFDD442B6564BC00BA2619 /* WeatherAppTests */,
				BFDFDD4E2B6564BD00BA2619 /* WeatherAppUITests */,
				BFDFDD2C2B6564BB00BA2619 /* Products */,
				EAAA7645AC082A851EBB7F7E /* Pods */,
				E7854B29ACD5F3DBC883D79E /* Frameworks */,
			);
			sourceTree = "<group>";
		};
		BFDFDD2C2B6564BB00BA2619 /* Products */ = {
			isa = PBXGroup;
			children = (
				BFDFDD2B2B6564BB00BA2619 /* WeatherApp.app */,
				BFDFDD412B6564BC00BA2619 /* WeatherAppTests.xctest */,
				BFDFDD4B2B6564BD00BA2619 /* WeatherAppUITests.xctest */,
			);
			name = Products;
			sourceTree = "<group>";
		};
		BFDFDD2D2B6564BB00BA2619 /* WeatherApp */ = {
			isa = PBXGroup;
			children = (
				BFDFDD682B65650B00BA2619 /* App */,
				BFDFDD5F2B6564E400BA2619 /* Classes */,
				BFDFDD672B65650700BA2619 /* Constants */,
				BFDFDD662B65650300BA2619 /* DataModel */,
				BFDFDD652B6564FE00BA2619 /* ErrorModel */,
				BFDFDD602B6564E800BA2619 /* Extensions */,
				BFCEF3F12B665D9D00BFFB21 /* HTTPS */,
				BFDFDD642B6564FA00BA2619 /* Networking */,
				BFDFDD632B6564F600BA2619 /* Resourses */,
				BFDFDD622B6564F200BA2619 /* Screens */,
				BFDFDD612B6564EE00BA2619 /* Views */,
				BFDFDD3C2B6564BC00BA2619 /* Info.plist */,
			);
			path = WeatherApp;
			sourceTree = "<group>";
		};
		BFDFDD442B6564BC00BA2619 /* WeatherAppTests */ = {
			isa = PBXGroup;
			children = (
				BFDFDD452B6564BC00BA2619 /* WeatherAppTests.swift */,
			);
			path = WeatherAppTests;
			sourceTree = "<group>";
		};
		BFDFDD4E2B6564BD00BA2619 /* WeatherAppUITests */ = {
			isa = PBXGroup;
			children = (
				BFDFDD4F2B6564BD00BA2619 /* WeatherAppUITests.swift */,
				BFDFDD512B6564BD00BA2619 /* WeatherAppUITestsLaunchTests.swift */,
			);
			path = WeatherAppUITests;
			sourceTree = "<group>";
		};
		BFDFDD5E2B6564DE00BA2619 /* Model */ = {
			isa = PBXGroup;
			children = (
				BFDFDD712B660E9E00BA2619 /* Country.swift */,
				BFCEF3EF2B66555D00BFFB21 /* HomeCountryModel.swift */,
			);
			path = Model;
			sourceTree = "<group>";
		};
		BFDFDD5F2B6564E400BA2619 /* Classes */ = {
			isa = PBXGroup;
			children = (
				BFDFDD7D2B661D7300BA2619 /* Observer.swift */,
			);
			path = Classes;
			sourceTree = "<group>";
		};
		BFDFDD602B6564E800BA2619 /* Extensions */ = {
			isa = PBXGroup;
			children = (
				BFDFDD852B662A0B00BA2619 /* UIViewExtension.swift */,
				BFDFDD872B66323500BA2619 /* UIImageViewExtension.swift */,
			);
			path = Extensions;
			sourceTree = "<group>";
		};
		BFDFDD612B6564EE00BA2619 /* Views */ = {
			isa = PBXGroup;
			children = (
				BFDFDD392B6564BC00BA2619 /* LaunchScreen.storyboard */,
			);
			path = Views;
			sourceTree = "<group>";
		};
		BFDFDD622B6564F200BA2619 /* Screens */ = {
			isa = PBXGroup;
			children = (
				BFDFDD6C2B6566D600BA2619 /* Home */,
			);
			path = Screens;
			sourceTree = "<group>";
		};
		BFDFDD632B6564F600BA2619 /* Resourses */ = {
			isa = PBXGroup;
			children = (
				BFDFDD372B6564BC00BA2619 /* Assets.xcassets */,
			);
			path = Resourses;
			sourceTree = "<group>";
		};
		BFDFDD642B6564FA00BA2619 /* Networking */ = {
			isa = PBXGroup;
			children = (
				BFDFDD7B2B6613DD00BA2619 /* APIManager.swift */,
			);
			path = Networking;
			sourceTree = "<group>";
		};
		BFDFDD652B6564FE00BA2619 /* ErrorModel */ = {
			isa = PBXGroup;
			children = (
				BFDFDD792B66137700BA2619 /* ErrorModel.swift */,
			);
			path = ErrorModel;
			sourceTree = "<group>";
		};
		BFDFDD662B65650300BA2619 /* DataModel */ = {
			isa = PBXGroup;
			children = (
			);
			path = DataModel;
			sourceTree = "<group>";
		};
		BFDFDD672B65650700BA2619 /* Constants */ = {
			isa = PBXGroup;
			children = (
				BFDFDD772B66133D00BA2619 /* APIConstants.swift */,
			);
			path = Constants;
			sourceTree = "<group>";
		};
		BFDFDD682B65650B00BA2619 /* App */ = {
			isa = PBXGroup;
			children = (
				BFDFDD2E2B6564BB00BA2619 /* AppDelegate.swift */,
			);
			path = App;
			sourceTree = "<group>";
		};
		BFDFDD692B6566AC00BA2619 /* ViewModel */ = {
			isa = PBXGroup;
			children = (
				BFDFDD732B66115900BA2619 /* HomeViewModel.swift */,
			);
			path = ViewModel;
			sourceTree = "<group>";
		};
		BFDFDD6A2B6566B000BA2619 /* View */ = {
			isa = PBXGroup;
			children = (
				BFDFDD812B6620A700BA2619 /* HomeTableViewCell.swift */,
				BFDFDD822B6620A700BA2619 /* HomeTableViewCell.xib */,
			);
			path = View;
			sourceTree = "<group>";
		};
		BFDFDD6B2B6566C900BA2619 /* Controllers */ = {
			isa = PBXGroup;
			children = (
				BFDFDD6D2B65672400BA2619 /* HomeViewController.swift */,
				BFDFDD6E2B65672400BA2619 /* HomeViewController.xib */,
				BFDFDD752B6611FE00BA2619 /* HomeTableViewExtension.swift */,
			);
			path = Controllers;
			sourceTree = "<group>";
		};
		BFDFDD6C2B6566D600BA2619 /* Home */ = {
			isa = PBXGroup;
			children = (
				BFDFDD6B2B6566C900BA2619 /* Controllers */,
				BFDFDD5E2B6564DE00BA2619 /* Model */,
				BFDFDD6A2B6566B000BA2619 /* View */,
				BFDFDD692B6566AC00BA2619 /* ViewModel */,
			);
			path = Home;
			sourceTree = "<group>";
		};
		E7854B29ACD5F3DBC883D79E /* Frameworks */ = {
			isa = PBXGroup;
			children = (
				D86C65C0FCD2947AD8FE3B8C /* Pods_WeatherApp.framework */,
				BB010C4F8ED8CA9512D7C173 /* Pods_WeatherApp_WeatherAppUITests.framework */,
				D0C8DDF75EBC57631F956CF1 /* Pods_WeatherAppTests.framework */,
			);
			name = Frameworks;
			sourceTree = "<group>";
		};
		EAAA7645AC082A851EBB7F7E /* Pods */ = {
			isa = PBXGroup;
			children = (
				C925FD1F21272015C421CCB6 /* Pods-WeatherApp.debug.xcconfig */,
				2209E55D82725913A8C8212A /* Pods-WeatherApp.release.xcconfig */,
				40F5CBAD28CB75D9329AB8E8 /* Pods-WeatherApp-WeatherAppUITests.debug.xcconfig */,
				38B044BA4899FE25DF417638 /* Pods-WeatherApp-WeatherAppUITests.release.xcconfig */,
				25CEFCB588CE8EC0D0648B99 /* Pods-WeatherAppTests.debug.xcconfig */,
				7304E16BD15DF50F97B35DDB /* Pods-WeatherAppTests.release.xcconfig */,
			);
			path = Pods;
			sourceTree = "<group>";
		};
/* End PBXGroup section */

/* Begin PBXNativeTarget section */
		BFDFDD2A2B6564BB00BA2619 /* WeatherApp */ = {
			isa = PBXNativeTarget;
			buildConfigurationList = BFDFDD552B6564BD00BA2619 /* Build configuration list for PBXNativeTarget "WeatherApp" */;
			buildPhases = (
				E69B387C6B6FB603BA4E04C5 /* [CP] Check Pods Manifest.lock */,
				BFDFDD272B6564BB00BA2619 /* Sources */,
				BFDFDD282B6564BB00BA2619 /* Frameworks */,
				BFDFDD292B6564BB00BA2619 /* Resources */,
				BC14C87DC7FC38CA865C75C9 /* [CP] Embed Pods Frameworks */,
			);
			buildRules = (
			);
			dependencies = (
			);
			name = WeatherApp;
			productName = WeatherApp;
			productReference = BFDFDD2B2B6564BB00BA2619 /* WeatherApp.app */;
			productType = "com.apple.product-type.application";
		};
		BFDFDD402B6564BC00BA2619 /* WeatherAppTests */ = {
			isa = PBXNativeTarget;
			buildConfigurationList = BFDFDD582B6564BD00BA2619 /* Build configuration list for PBXNativeTarget "WeatherAppTests" */;
			buildPhases = (
				7A1D6295EA918F9BA523BF04 /* [CP] Check Pods Manifest.lock */,
				BFDFDD3D2B6564BC00BA2619 /* Sources */,
				BFDFDD3E2B6564BC00BA2619 /* Frameworks */,
				BFDFDD3F2B6564BC00BA2619 /* Resources */,
			);
			buildRules = (
			);
			dependencies = (
				BFDFDD432B6564BC00BA2619 /* PBXTargetDependency */,
			);
			name = WeatherAppTests;
			productName = WeatherAppTests;
			productReference = BFDFDD412B6564BC00BA2619 /* WeatherAppTests.xctest */;
			productType = "com.apple.product-type.bundle.unit-test";
		};
		BFDFDD4A2B6564BD00BA2619 /* WeatherAppUITests */ = {
			isa = PBXNativeTarget;
			buildConfigurationList = BFDFDD5B2B6564BD00BA2619 /* Build configuration list for PBXNativeTarget "WeatherAppUITests" */;
			buildPhases = (
				5484C5838CE3E23F1B57A8BA /* [CP] Check Pods Manifest.lock */,
				BFDFDD472B6564BD00BA2619 /* Sources */,
				BFDFDD482B6564BD00BA2619 /* Frameworks */,
				BFDFDD492B6564BD00BA2619 /* Resources */,
				A61E1D047B06A6394C0A0216 /* [CP] Embed Pods Frameworks */,
			);
			buildRules = (
			);
			dependencies = (
				BFDFDD4D2B6564BD00BA2619 /* PBXTargetDependency */,
			);
			name = WeatherAppUITests;
			productName = WeatherAppUITests;
			productReference = BFDFDD4B2B6564BD00BA2619 /* WeatherAppUITests.xctest */;
			productType = "com.apple.product-type.bundle.ui-testing";
		};
/* End PBXNativeTarget section */

/* Begin PBXProject section */
		BFDFDD232B6564BB00BA2619 /* Project object */ = {
			isa = PBXProject;
			attributes = {
				BuildIndependentTargetsInParallel = 1;
				LastSwiftUpdateCheck = 1520;
				LastUpgradeCheck = 1520;
				TargetAttributes = {
					BFDFDD2A2B6564BB00BA2619 = {
						CreatedOnToolsVersion = 15.2;
					};
					BFDFDD402B6564BC00BA2619 = {
						CreatedOnToolsVersion = 15.2;
						TestTargetID = BFDFDD2A2B6564BB00BA2619;
					};
					BFDFDD4A2B6564BD00BA2619 = {
						CreatedOnToolsVersion = 15.2;
						TestTargetID = BFDFDD2A2B6564BB00BA2619;
					};
				};
			};
			buildConfigurationList = BFDFDD262B6564BB00BA2619 /* Build configuration list for PBXProject "WeatherApp" */;
			compatibilityVersion = "Xcode 14.0";
			developmentRegion = en;
			hasScannedForEncodings = 0;
			knownRegions = (
				en,
				Base,
			);
			mainGroup = BFDFDD222B6564BB00BA2619;
			productRefGroup = BFDFDD2C2B6564BB00BA2619 /* Products */;
			projectDirPath = "";
			projectRoot = "";
			targets = (
				BFDFDD2A2B6564BB00BA2619 /* WeatherApp */,
				BFDFDD402B6564BC00BA2619 /* WeatherAppTests */,
				BFDFDD4A2B6564BD00BA2619 /* WeatherAppUITests */,
			);
		};
/* End PBXProject section */

/* Begin PBXResourcesBuildPhase section */
		BFDFDD292B6564BB00BA2619 /* Resources */ = {
			isa = PBXResourcesBuildPhase;
			buildActionMask = 2147483647;
			files = (
				BFDFDD3B2B6564BC00BA2619 /* LaunchScreen.storyboard in Resources */,
				BFDFDD382B6564BC00BA2619 /* Assets.xcassets in Resources */,
				BFDFDD842B6620A700BA2619 /* HomeTableViewCell.xib in Resources */,
				BFDFDD702B65672400BA2619 /* HomeViewController.xib in Resources */,
			);
			runOnlyForDeploymentPostprocessing = 0;
		};
		BFDFDD3F2B6564BC00BA2619 /* Resources */ = {
			isa = PBXResourcesBuildPhase;
			buildActionMask = 2147483647;
			files = (
			);
			runOnlyForDeploymentPostprocessing = 0;
		};
		BFDFDD492B6564BD00BA2619 /* Resources */ = {
			isa = PBXResourcesBuildPhase;
			buildActionMask = 2147483647;
			files = (
			);
			runOnlyForDeploymentPostprocessing = 0;
		};
/* End PBXResourcesBuildPhase section */

/* Begin PBXShellScriptBuildPhase section */
		5484C5838CE3E23F1B57A8BA /* [CP] Check Pods Manifest.lock */ = {
			isa = PBXShellScriptBuildPhase;
			buildActionMask = 2147483647;
			files = (
			);
			inputFileListPaths = (
			);
			inputPaths = (
				"${PODS_PODFILE_DIR_PATH}/Podfile.lock",
				"${PODS_ROOT}/Manifest.lock",
			);
			name = "[CP] Check Pods Manifest.lock";
			outputFileListPaths = (
			);
			outputPaths = (
				"$(DERIVED_FILE_DIR)/Pods-WeatherApp-WeatherAppUITests-checkManifestLockResult.txt",
			);
			runOnlyForDeploymentPostprocessing = 0;
			shellPath = /bin/sh;
			shellScript = "diff \"${PODS_PODFILE_DIR_PATH}/Podfile.lock\" \"${PODS_ROOT}/Manifest.lock\" > /dev/null\nif [ $? != 0 ] ; then\n    # print error to STDERR\n    echo \"error: The sandbox is not in sync with the Podfile.lock. Run 'pod install' or update your CocoaPods installation.\" >&2\n    exit 1\nfi\n# This output is used by Xcode 'outputs' to avoid re-running this script phase.\necho \"SUCCESS\" > \"${SCRIPT_OUTPUT_FILE_0}\"\n";
			showEnvVarsInLog = 0;
		};
		7A1D6295EA918F9BA523BF04 /* [CP] Check Pods Manifest.lock */ = {
			isa = PBXShellScriptBuildPhase;
			buildActionMask = 2147483647;
			files = (
			);
			inputFileListPaths = (
			);
			inputPaths = (
				"${PODS_PODFILE_DIR_PATH}/Podfile.lock",
				"${PODS_ROOT}/Manifest.lock",
			);
			name = "[CP] Check Pods Manifest.lock";
			outputFileListPaths = (
			);
			outputPaths = (
				"$(DERIVED_FILE_DIR)/Pods-WeatherAppTests-checkManifestLockResult.txt",
			);
			runOnlyForDeploymentPostprocessing = 0;
			shellPath = /bin/sh;
			shellScript = "diff \"${PODS_PODFILE_DIR_PATH}/Podfile.lock\" \"${PODS_ROOT}/Manifest.lock\" > /dev/null\nif [ $? != 0 ] ; then\n    # print error to STDERR\n    echo \"error: The sandbox is not in sync with the Podfile.lock. Run 'pod install' or update your CocoaPods installation.\" >&2\n    exit 1\nfi\n# This output is used by Xcode 'outputs' to avoid re-running this script phase.\necho \"SUCCESS\" > \"${SCRIPT_OUTPUT_FILE_0}\"\n";
			showEnvVarsInLog = 0;
		};
		A61E1D047B06A6394C0A0216 /* [CP] Embed Pods Frameworks */ = {
			isa = PBXShellScriptBuildPhase;
			buildActionMask = 2147483647;
			files = (
			);
			inputFileListPaths = (
				"${PODS_ROOT}/Target Support Files/Pods-WeatherApp-WeatherAppUITests/Pods-WeatherApp-WeatherAppUITests-frameworks-${CONFIGURATION}-input-files.xcfilelist",
			);
			name = "[CP] Embed Pods Frameworks";
			outputFileListPaths = (
				"${PODS_ROOT}/Target Support Files/Pods-WeatherApp-WeatherAppUITests/Pods-WeatherApp-WeatherAppUITests-frameworks-${CONFIGURATION}-output-files.xcfilelist",
			);
			runOnlyForDeploymentPostprocessing = 0;
			shellPath = /bin/sh;
			shellScript = "\"${PODS_ROOT}/Target Support Files/Pods-WeatherApp-WeatherAppUITests/Pods-WeatherApp-WeatherAppUITests-frameworks.sh\"\n";
			showEnvVarsInLog = 0;
		};
		BC14C87DC7FC38CA865C75C9 /* [CP] Embed Pods Frameworks */ = {
			isa = PBXShellScriptBuildPhase;
			buildActionMask = 2147483647;
			files = (
			);
			inputFileListPaths = (
				"${PODS_ROOT}/Target Support Files/Pods-WeatherApp/Pods-WeatherApp-frameworks-${CONFIGURATION}-input-files.xcfilelist",
			);
			name = "[CP] Embed Pods Frameworks";
			outputFileListPaths = (
				"${PODS_ROOT}/Target Support Files/Pods-WeatherApp/Pods-WeatherApp-frameworks-${CONFIGURATION}-output-files.xcfilelist",
			);
			runOnlyForDeploymentPostprocessing = 0;
			shellPath = /bin/sh;
			shellScript = "\"${PODS_ROOT}/Target Support Files/Pods-WeatherApp/Pods-WeatherApp-frameworks.sh\"\n";
			showEnvVarsInLog = 0;
		};
		E69B387C6B6FB603BA4E04C5 /* [CP] Check Pods Manifest.lock */ = {
			isa = PBXShellScriptBuildPhase;
			buildActionMask = 2147483647;
			files = (
			);
			inputFileListPaths = (
			);
			inputPaths = (
				"${PODS_PODFILE_DIR_PATH}/Podfile.lock",
				"${PODS_ROOT}/Manifest.lock",
			);
			name = "[CP] Check Pods Manifest.lock";
			outputFileListPaths = (
			);
			outputPaths = (
				"$(DERIVED_FILE_DIR)/Pods-WeatherApp-checkManifestLockResult.txt",
			);
			runOnlyForDeploymentPostprocessing = 0;
			shellPath = /bin/sh;
			shellScript = "diff \"${PODS_PODFILE_DIR_PATH}/Podfile.lock\" \"${PODS_ROOT}/Manifest.lock\" > /dev/null\nif [ $? != 0 ] ; then\n    # print error to STDERR\n    echo \"error: The sandbox is not in sync with the Podfile.lock. Run 'pod install' or update your CocoaPods installation.\" >&2\n    exit 1\nfi\n# This output is used by Xcode 'outputs' to avoid re-running this script phase.\necho \"SUCCESS\" > \"${SCRIPT_OUTPUT_FILE_0}\"\n";
			showEnvVarsInLog = 0;
		};
/* End PBXShellScriptBuildPhase section */

/* Begin PBXSourcesBuildPhase section */
		BFDFDD272B6564BB00BA2619 /* Sources */ = {
			isa = PBXSourcesBuildPhase;
			buildActionMask = 2147483647;
			files = (
				BFDFDD7C2B6613DD00BA2619 /* APIManager.swift in Sources */,
				BFDFDD7E2B661D7300BA2619 /* Observer.swift in Sources */,
				BFCEF3F02B66555D00BFFB21 /* HomeCountryModel.swift in Sources */,
				BFDFDD882B66323500BA2619 /* UIImageViewExtension.swift in Sources */,
				BFDFDD862B662A0B00BA2619 /* UIViewExtension.swift in Sources */,
				BFDFDD7A2B66137700BA2619 /* ErrorModel.swift in Sources */,
				BFDFDD762B6611FE00BA2619 /* HomeTableViewExtension.swift in Sources */,
				BFDFDD2F2B6564BB00BA2619 /* AppDelegate.swift in Sources */,
				BFDFDD722B660E9E00BA2619 /* Country.swift in Sources */,
				BFDFDD832B6620A700BA2619 /* HomeTableViewCell.swift in Sources */,
				BFDFDD6F2B65672400BA2619 /* HomeViewController.swift in Sources */,
				BFDFDD742B66115900BA2619 /* HomeViewModel.swift in Sources */,
				BFCEF3F32B665DE000BFFB21 /* HTTPEndPointsType.swift in Sources */,
				BFCEF3F72B665F2000BFFB21 /* EndPoints.swift in Sources */,
				BFDFDD782B66133D00BA2619 /* APIConstants.swift in Sources */,
			);
			runOnlyForDeploymentPostprocessing = 0;
		};
		BFDFDD3D2B6564BC00BA2619 /* Sources */ = {
			isa = PBXSourcesBuildPhase;
			buildActionMask = 2147483647;
			files = (
				BFDFDD462B6564BC00BA2619 /* WeatherAppTests.swift in Sources */,
			);
			runOnlyForDeploymentPostprocessing = 0;
		};
		BFDFDD472B6564BD00BA2619 /* Sources */ = {
			isa = PBXSourcesBuildPhase;
			buildActionMask = 2147483647;
			files = (
				BFDFDD502B6564BD00BA2619 /* WeatherAppUITests.swift in Sources */,
				BFDFDD522B6564BD00BA2619 /* WeatherAppUITestsLaunchTests.swift in Sources */,
			);
			runOnlyForDeploymentPostprocessing = 0;
		};
/* End PBXSourcesBuildPhase section */

/* Begin PBXTargetDependency section */
		BFDFDD432B6564BC00BA2619 /* PBXTargetDependency */ = {
			isa = PBXTargetDependency;
			target = BFDFDD2A2B6564BB00BA2619 /* WeatherApp */;
			targetProxy = BFDFDD422B6564BC00BA2619 /* PBXContainerItemProxy */;
		};
		BFDFDD4D2B6564BD00BA2619 /* PBXTargetDependency */ = {
			isa = PBXTargetDependency;
			target = BFDFDD2A2B6564BB00BA2619 /* WeatherApp */;
			targetProxy = BFDFDD4C2B6564BD00BA2619 /* PBXContainerItemProxy */;
		};
/* End PBXTargetDependency section */

/* Begin PBXVariantGroup section */
		BFDFDD392B6564BC00BA2619 /* LaunchScreen.storyboard */ = {
			isa = PBXVariantGroup;
			children = (
				BFDFDD3A2B6564BC00BA2619 /* Base */,
			);
			name = LaunchScreen.storyboard;
			sourceTree = "<group>";
		};
/* End PBXVariantGroup section */

/* Begin XCBuildConfiguration section */
		BFDFDD532B6564BD00BA2619 /* Debug */ = {
			isa = XCBuildConfiguration;
			buildSettings = {
				ALWAYS_SEARCH_USER_PATHS = NO;
				ASSETCATALOG_COMPILER_GENERATE_SWIFT_ASSET_SYMBOL_EXTENSIONS = YES;
				CLANG_ANALYZER_NONNULL = YES;
				CLANG_ANALYZER_NUMBER_OBJECT_CONVERSION = YES_AGGRESSIVE;
				CLANG_CXX_LANGUAGE_STANDARD = "gnu++20";
				CLANG_ENABLE_MODULES = YES;
				CLANG_ENABLE_OBJC_ARC = YES;
				CLANG_ENABLE_OBJC_WEAK = YES;
				CLANG_WARN_BLOCK_CAPTURE_AUTORELEASING = YES;
				CLANG_WARN_BOOL_CONVERSION = YES;
				CLANG_WARN_COMMA = YES;
				CLANG_WARN_CONSTANT_CONVERSION = YES;
				CLANG_WARN_DEPRECATED_OBJC_IMPLEMENTATIONS = YES;
				CLANG_WARN_DIRECT_OBJC_ISA_USAGE = YES_ERROR;
				CLANG_WARN_DOCUMENTATION_COMMENTS = YES;
				CLANG_WARN_EMPTY_BODY = YES;
				CLANG_WARN_ENUM_CONVERSION = YES;
				CLANG_WARN_INFINITE_RECURSION = YES;
				CLANG_WARN_INT_CONVERSION = YES;
				CLANG_WARN_NON_LITERAL_NULL_CONVERSION = YES;
				CLANG_WARN_OBJC_IMPLICIT_RETAIN_SELF = YES;
				CLANG_WARN_OBJC_LITERAL_CONVERSION = YES;
				CLANG_WARN_OBJC_ROOT_CLASS = YES_ERROR;
				CLANG_WARN_QUOTED_INCLUDE_IN_FRAMEWORK_HEADER = YES;
				CLANG_WARN_RANGE_LOOP_ANALYSIS = YES;
				CLANG_WARN_STRICT_PROTOTYPES = YES;
				CLANG_WARN_SUSPICIOUS_MOVE = YES;
				CLANG_WARN_UNGUARDED_AVAILABILITY = YES_AGGRESSIVE;
				CLANG_WARN_UNREACHABLE_CODE = YES;
				CLANG_WARN__DUPLICATE_METHOD_MATCH = YES;
				COPY_PHASE_STRIP = NO;
				DEBUG_INFORMATION_FORMAT = dwarf;
				ENABLE_STRICT_OBJC_MSGSEND = YES;
				ENABLE_TESTABILITY = YES;
				ENABLE_USER_SCRIPT_SANDBOXING = YES;
				GCC_C_LANGUAGE_STANDARD = gnu17;
				GCC_DYNAMIC_NO_PIC = NO;
				GCC_NO_COMMON_BLOCKS = YES;
				GCC_OPTIMIZATION_LEVEL = 0;
				GCC_PREPROCESSOR_DEFINITIONS = (
					"DEBUG=1",
					"$(inherited)",
				);
				GCC_WARN_64_TO_32_BIT_CONVERSION = YES;
				GCC_WARN_ABOUT_RETURN_TYPE = YES_ERROR;
				GCC_WARN_UNDECLARED_SELECTOR = YES;
				GCC_WARN_UNINITIALIZED_AUTOS = YES_AGGRESSIVE;
				GCC_WARN_UNUSED_FUNCTION = YES;
				GCC_WARN_UNUSED_VARIABLE = YES;
				IPHONEOS_DEPLOYMENT_TARGET = 17.2;
				LOCALIZATION_PREFERS_STRING_CATALOGS = YES;
				MTL_ENABLE_DEBUG_INFO = INCLUDE_SOURCE;
				MTL_FAST_MATH = YES;
				ONLY_ACTIVE_ARCH = YES;
				SDKROOT = iphoneos;
				SWIFT_ACTIVE_COMPILATION_CONDITIONS = "DEBUG $(inherited)";
				SWIFT_OPTIMIZATION_LEVEL = "-Onone";
			};
			name = Debug;
		};
		BFDFDD542B6564BD00BA2619 /* Release */ = {
			isa = XCBuildConfiguration;
			buildSettings = {
				ALWAYS_SEARCH_USER_PATHS = NO;
				ASSETCATALOG_COMPILER_GENERATE_SWIFT_ASSET_SYMBOL_EXTENSIONS = YES;
				CLANG_ANALYZER_NONNULL = YES;
				CLANG_ANALYZER_NUMBER_OBJECT_CONVERSION = YES_AGGRESSIVE;
				CLANG_CXX_LANGUAGE_STANDARD = "gnu++20";
				CLANG_ENABLE_MODULES = YES;
				CLANG_ENABLE_OBJC_ARC = YES;
				CLANG_ENABLE_OBJC_WEAK = YES;
				CLANG_WARN_BLOCK_CAPTURE_AUTORELEASING = YES;
				CLANG_WARN_BOOL_CONVERSION = YES;
				CLANG_WARN_COMMA = YES;
				CLANG_WARN_CONSTANT_CONVERSION = YES;
				CLANG_WARN_DEPRECATED_OBJC_IMPLEMENTATIONS = YES;
				CLANG_WARN_DIRECT_OBJC_ISA_USAGE = YES_ERROR;
				CLANG_WARN_DOCUMENTATION_COMMENTS = YES;
				CLANG_WARN_EMPTY_BODY = YES;
				CLANG_WARN_ENUM_CONVERSION = YES;
				CLANG_WARN_INFINITE_RECURSION = YES;
				CLANG_WARN_INT_CONVERSION = YES;
				CLANG_WARN_NON_LITERAL_NULL_CONVERSION = YES;
				CLANG_WARN_OBJC_IMPLICIT_RETAIN_SELF = YES;
				CLANG_WARN_OBJC_LITERAL_CONVERSION = YES;
				CLANG_WARN_OBJC_ROOT_CLASS = YES_ERROR;
				CLANG_WARN_QUOTED_INCLUDE_IN_FRAMEWORK_HEADER = YES;
				CLANG_WARN_RANGE_LOOP_ANALYSIS = YES;
				CLANG_WARN_STRICT_PROTOTYPES = YES;
				CLANG_WARN_SUSPICIOUS_MOVE = YES;
				CLANG_WARN_UNGUARDED_AVAILABILITY = YES_AGGRESSIVE;
				CLANG_WARN_UNREACHABLE_CODE = YES;
				CLANG_WARN__DUPLICATE_METHOD_MATCH = YES;
				COPY_PHASE_STRIP = NO;
				DEBUG_INFORMATION_FORMAT = "dwarf-with-dsym";
				ENABLE_NS_ASSERTIONS = NO;
				ENABLE_STRICT_OBJC_MSGSEND = YES;
				ENABLE_USER_SCRIPT_SANDBOXING = YES;
				GCC_C_LANGUAGE_STANDARD = gnu17;
				GCC_NO_COMMON_BLOCKS = YES;
				GCC_WARN_64_TO_32_BIT_CONVERSION = YES;
				GCC_WARN_ABOUT_RETURN_TYPE = YES_ERROR;
				GCC_WARN_UNDECLARED_SELECTOR = YES;
				GCC_WARN_UNINITIALIZED_AUTOS = YES_AGGRESSIVE;
				GCC_WARN_UNUSED_FUNCTION = YES;
				GCC_WARN_UNUSED_VARIABLE = YES;
				IPHONEOS_DEPLOYMENT_TARGET = 17.2;
				LOCALIZATION_PREFERS_STRING_CATALOGS = YES;
				MTL_ENABLE_DEBUG_INFO = NO;
				MTL_FAST_MATH = YES;
				SDKROOT = iphoneos;
				SWIFT_COMPILATION_MODE = wholemodule;
				VALIDATE_PRODUCT = YES;
			};
			name = Release;
		};
		BFDFDD562B6564BD00BA2619 /* Debug */ = {
			isa = XCBuildConfiguration;
			baseConfigurationReference = C925FD1F21272015C421CCB6 /* Pods-WeatherApp.debug.xcconfig */;
			buildSettings = {
				ASSETCATALOG_COMPILER_APPICON_NAME = AppIcon;
				ASSETCATALOG_COMPILER_GLOBAL_ACCENT_COLOR_NAME = AccentColor;
				CODE_SIGN_STYLE = Automatic;
				CURRENT_PROJECT_VERSION = 1;
				DEVELOPMENT_TEAM = FCA9CQ2K9N;
				ENABLE_USER_SCRIPT_SANDBOXING = NO;
				GENERATE_INFOPLIST_FILE = YES;
				INFOPLIST_FILE = WeatherApp/Info.plist;
				INFOPLIST_KEY_UIApplicationSupportsIndirectInputEvents = YES;
				INFOPLIST_KEY_UILaunchStoryboardName = LaunchScreen;
				INFOPLIST_KEY_UISupportedInterfaceOrientations_iPad = "UIInterfaceOrientationPortrait UIInterfaceOrientationPortraitUpsideDown UIInterfaceOrientationLandscapeLeft UIInterfaceOrientationLandscapeRight";
				INFOPLIST_KEY_UISupportedInterfaceOrientations_iPhone = "UIInterfaceOrientationPortrait UIInterfaceOrientationLandscapeLeft UIInterfaceOrientationLandscapeRight";
				LD_RUNPATH_SEARCH_PATHS = (
					"$(inherited)",
					"@executable_path/Frameworks",
				);
				MARKETING_VERSION = 1.0;
				PRODUCT_BUNDLE_IDENTIFIER = com.misl.WeatherApp;
				PRODUCT_NAME = "$(TARGET_NAME)";
				SWIFT_EMIT_LOC_STRINGS = YES;
				SWIFT_VERSION = 5.0;
				TARGETED_DEVICE_FAMILY = "1,2";
			};
			name = Debug;
		};
		BFDFDD572B6564BD00BA2619 /* Release */ = {
			isa = XCBuildConfiguration;
			baseConfigurationReference = 2209E55D82725913A8C8212A /* Pods-WeatherApp.release.xcconfig */;
			buildSettings = {
				ASSETCATALOG_COMPILER_APPICON_NAME = AppIcon;
				ASSETCATALOG_COMPILER_GLOBAL_ACCENT_COLOR_NAME = AccentColor;
				CODE_SIGN_STYLE = Automatic;
				CURRENT_PROJECT_VERSION = 1;
				DEVELOPMENT_TEAM = FCA9CQ2K9N;
				ENABLE_USER_SCRIPT_SANDBOXING = NO;
				GENERATE_INFOPLIST_FILE = YES;
				INFOPLIST_FILE = WeatherApp/Info.plist;
				INFOPLIST_KEY_UIApplicationSupportsIndirectInputEvents = YES;
				INFOPLIST_KEY_UILaunchStoryboardName = LaunchScreen;
				INFOPLIST_KEY_UISupportedInterfaceOrientations_iPad = "UIInterfaceOrientationPortrait UIInterfaceOrientationPortraitUpsideDown UIInterfaceOrientationLandscapeLeft UIInterfaceOrientationLandscapeRight";
				INFOPLIST_KEY_UISupportedInterfaceOrientations_iPhone = "UIInterfaceOrientationPortrait UIInterfaceOrientationLandscapeLeft UIInterfaceOrientationLandscapeRight";
				LD_RUNPATH_SEARCH_PATHS = (
					"$(inherited)",
					"@executable_path/Frameworks",
				);
				MARKETING_VERSION = 1.0;
				PRODUCT_BUNDLE_IDENTIFIER = com.misl.WeatherApp;
				PRODUCT_NAME = "$(TARGET_NAME)";
				SWIFT_EMIT_LOC_STRINGS = YES;
				SWIFT_VERSION = 5.0;
				TARGETED_DEVICE_FAMILY = "1,2";
			};
			name = Release;
		};
		BFDFDD592B6564BD00BA2619 /* Debug */ = {
			isa = XCBuildConfiguration;
			baseConfigurationReference = 25CEFCB588CE8EC0D0648B99 /* Pods-WeatherAppTests.debug.xcconfig */;
			buildSettings = {
				ALWAYS_EMBED_SWIFT_STANDARD_LIBRARIES = YES;
				BUNDLE_LOADER = "$(TEST_HOST)";
				CODE_SIGN_STYLE = Automatic;
				CURRENT_PROJECT_VERSION = 1;
				GENERATE_INFOPLIST_FILE = YES;
				IPHONEOS_DEPLOYMENT_TARGET = 17.2;
				MARKETING_VERSION = 1.0;
				PRODUCT_BUNDLE_IDENTIFIER = com.misl.WeatherAppTests;
				PRODUCT_NAME = "$(TARGET_NAME)";
				SWIFT_EMIT_LOC_STRINGS = NO;
				SWIFT_VERSION = 5.0;
				TARGETED_DEVICE_FAMILY = "1,2";
				TEST_HOST = "$(BUILT_PRODUCTS_DIR)/WeatherApp.app/$(BUNDLE_EXECUTABLE_FOLDER_PATH)/WeatherApp";
			};
			name = Debug;
		};
		BFDFDD5A2B6564BD00BA2619 /* Release */ = {
			isa = XCBuildConfiguration;
			baseConfigurationReference = 7304E16BD15DF50F97B35DDB /* Pods-WeatherAppTests.release.xcconfig */;
			buildSettings = {
				ALWAYS_EMBED_SWIFT_STANDARD_LIBRARIES = YES;
				BUNDLE_LOADER = "$(TEST_HOST)";
				CODE_SIGN_STYLE = Automatic;
				CURRENT_PROJECT_VERSION = 1;
				GENERATE_INFOPLIST_FILE = YES;
				IPHONEOS_DEPLOYMENT_TARGET = 17.2;
				MARKETING_VERSION = 1.0;
				PRODUCT_BUNDLE_IDENTIFIER = com.misl.WeatherAppTests;
				PRODUCT_NAME = "$(TARGET_NAME)";
				SWIFT_EMIT_LOC_STRINGS = NO;
				SWIFT_VERSION = 5.0;
				TARGETED_DEVICE_FAMILY = "1,2";
				TEST_HOST = "$(BUILT_PRODUCTS_DIR)/WeatherApp.app/$(BUNDLE_EXECUTABLE_FOLDER_PATH)/WeatherApp";
			};
			name = Release;
		};
		BFDFDD5C2B6564BD00BA2619 /* Debug */ = {
			isa = XCBuildConfiguration;
			baseConfigurationReference = 40F5CBAD28CB75D9329AB8E8 /* Pods-WeatherApp-WeatherAppUITests.debug.xcconfig */;
			buildSettings = {
				ALWAYS_EMBED_SWIFT_STANDARD_LIBRARIES = YES;
				CODE_SIGN_STYLE = Automatic;
				CURRENT_PROJECT_VERSION = 1;
				GENERATE_INFOPLIST_FILE = YES;
				MARKETING_VERSION = 1.0;
				PRODUCT_BUNDLE_IDENTIFIER = com.misl.WeatherAppUITests;
				PRODUCT_NAME = "$(TARGET_NAME)";
				SWIFT_EMIT_LOC_STRINGS = NO;
				SWIFT_VERSION = 5.0;
				TARGETED_DEVICE_FAMILY = "1,2";
				TEST_TARGET_NAME = WeatherApp;
			};
			name = Debug;
		};
		BFDFDD5D2B6564BD00BA2619 /* Release */ = {
			isa = XCBuildConfiguration;
			baseConfigurationReference = 38B044BA4899FE25DF417638 /* Pods-WeatherApp-WeatherAppUITests.release.xcconfig */;
			buildSettings = {
				ALWAYS_EMBED_SWIFT_STANDARD_LIBRARIES = YES;
				CODE_SIGN_STYLE = Automatic;
				CURRENT_PROJECT_VERSION = 1;
				GENERATE_INFOPLIST_FILE = YES;
				MARKETING_VERSION = 1.0;
				PRODUCT_BUNDLE_IDENTIFIER = com.misl.WeatherAppUITests;
				PRODUCT_NAME = "$(TARGET_NAME)";
				SWIFT_EMIT_LOC_STRINGS = NO;
				SWIFT_VERSION = 5.0;
				TARGETED_DEVICE_FAMILY = "1,2";
				TEST_TARGET_NAME = WeatherApp;
			};
			name = Release;
		};
/* End XCBuildConfiguration section */

/* Begin XCConfigurationList section */
		BFDFDD262B6564BB00BA2619 /* Build configuration list for PBXProject "WeatherApp" */ = {
			isa = XCConfigurationList;
			buildConfigurations = (
				BFDFDD532B6564BD00BA2619 /* Debug */,
				BFDFDD542B6564BD00BA2619 /* Release */,
			);
			defaultConfigurationIsVisible = 0;
			defaultConfigurationName = Release;
		};
		BFDFDD552B6564BD00BA2619 /* Build configuration list for PBXNativeTarget "WeatherApp" */ = {
			isa = XCConfigurationList;
			buildConfigurations = (
				BFDFDD562B6564BD00BA2619 /* Debug */,
				BFDFDD572B6564BD00BA2619 /* Release */,
			);
			defaultConfigurationIsVisible = 0;
			defaultConfigurationName = Release;
		};
		BFDFDD582B6564BD00BA2619 /* Build configuration list for PBXNativeTarget "WeatherAppTests" */ = {
			isa = XCConfigurationList;
			buildConfigurations = (
				BFDFDD592B6564BD00BA2619 /* Debug */,
				BFDFDD5A2B6564BD00BA2619 /* Release */,
			);
			defaultConfigurationIsVisible = 0;
			defaultConfigurationName = Release;
		};
		BFDFDD5B2B6564BD00BA2619 /* Build configuration list for PBXNativeTarget "WeatherAppUITests" */ = {
			isa = XCConfigurationList;
			buildConfigurations = (
				BFDFDD5C2B6564BD00BA2619 /* Debug */,
				BFDFDD5D2B6564BD00BA2619 /* Release */,
			);
			defaultConfigurationIsVisible = 0;
			defaultConfigurationName = Release;
		};
/* End XCConfigurationList section */
	};
	rootObject = BFDFDD232B6564BB00BA2619 /* Project object */;
}
